
Microsoft Visual Studio Solution File, Format Version 12.00
# Visual Studio Version 17
VisualStudioVersion = 17.1.32414.318
MinimumVisualStudioVersion = 10.0.40219.1
Project("{FAE04EC0-301F-11D3-BF4B-00C04F79EFBC}") = "RTO", "RTO\RTO.csproj", "{FF6BB55B-5682-4ABD-B206-D1A62BA02602}"
EndProject
Global
	GlobalSection(SolutionConfigurationPlatforms) = preSolution
		Debug|Any CPU = Debug|Any CPU
		Release|Any CPU = Release|Any CPU
	EndGlobalSection
	GlobalSection(ProjectConfigurationPlatforms) = postSolution
		{FF6BB55B-5682-4ABD-B206-D1A62BA02602}.Debug|Any CPU.ActiveCfg = Debug|Any CPU
		{FF6BB55B-5682-4ABD-B206-D1A62BA02602}.Debug|Any CPU.Build.0 = Debug|Any CPU
		{FF6BB55B-5682-4ABD-B206-D1A62BA02602}.Release|Any CPU.ActiveCfg = Release|Any CPU
		{FF6BB55B-5682-4ABD-B206-D1A62BA02602}.Release|Any CPU.Build.0 = Release|Any CPU
	EndGlobalSection
	GlobalSection(SolutionProperties) = preSolution
		HideSolutionNode = FALSE
	EndGlobalSection
	GlobalSection(ExtensibilityGlobals) = postSolution
		SolutionGuid = {85EBB1A4-BE7C-4336-96E1-9EE67FBEE5EA}
	EndGlobalSection
EndGlobal
